{
  "markbot": "2a4b52b47b896b3638cbccf11524839465aa11d47c631ee5fdfbe32471da0d7b",
  "markbotignore": "030a4e6e1b3b6b510514a7ae54576e2c2ef762d56236c6414ef634955d96a126",
  "index.html": "d9794b4e8d8fb51cafbd61bf83dfb8886e92b19b7d0b531f6b276e4c2fbee9a0",
  "index-608.png": "1ef1ce46b9865459057f49e160e88df81d338727bba22530c9164a40861911e4"
}